
Microsoft Visual Studio Solution File, Format Version 12.00
# Visual Studio Version 17
VisualStudioVersion = 17.13.35931.197
MinimumVisualStudioVersion = 10.0.40219.1
Project("{FAE04EC0-301F-11D3-BF4B-00C04F79EFBC}") = "DemoArreglos", "DemoArreglos\DemoArreglos.csproj", "{7AE1B08E-1AFA-4348-9977-D0A0831C6C0D}"
EndProject
Project("{FAE04EC0-301F-11D3-BF4B-00C04F79EFBC}") = "EjercicioFormas", "EjercicioFormas\EjercicioFormas.csproj", "{E339F453-9C17-491C-A00F-CCC9D12019A2}"
EndProject
Project("{FAE04EC0-301F-11D3-BF4B-00C04F79EFBC}") = "EjercicioConjunto", "EjercicioConjunto\EjercicioConjunto.csproj", "{964730D4-159C-4C30-B3BE-B28301096B64}"
EndProject
Project("{FAE04EC0-301F-11D3-BF4B-00C04F79EFBC}") = "AppPila", "AppPila\AppPila.csproj", "{4F9D0425-7BAF-4EA0-B6B8-EBFEDACCA4A9}"
EndProject
Project("{FAE04EC0-301F-11D3-BF4B-00C04F79EFBC}") = "AppCola", "AppCola\AppCola.csproj", "{479655EF-E6A5-4096-B8E9-D4344A82125C}"
EndProject
Project("{FAE04EC0-301F-11D3-BF4B-00C04F79EFBC}") = "AppListaSimple", "AppListaSimple\AppListaSimple.csproj", "{16EA385A-DC42-4AF2-A578-56B157FD666A}"
EndProject
Project("{FAE04EC0-301F-11D3-BF4B-00C04F79EFBC}") = "AppListaDoble", "AppListaDoble\AppListaDoble.csproj", "{B2570F0E-B371-4414-8FA0-DEDA3F0DCBD8}"
EndProject
Global
	GlobalSection(SolutionConfigurationPlatforms) = preSolution
		Debug|Any CPU = Debug|Any CPU
		Release|Any CPU = Release|Any CPU
	EndGlobalSection
	GlobalSection(ProjectConfigurationPlatforms) = postSolution
		{7AE1B08E-1AFA-4348-9977-D0A0831C6C0D}.Debug|Any CPU.ActiveCfg = Debug|Any CPU
		{7AE1B08E-1AFA-4348-9977-D0A0831C6C0D}.Debug|Any CPU.Build.0 = Debug|Any CPU
		{7AE1B08E-1AFA-4348-9977-D0A0831C6C0D}.Release|Any CPU.ActiveCfg = Release|Any CPU
		{7AE1B08E-1AFA-4348-9977-D0A0831C6C0D}.Release|Any CPU.Build.0 = Release|Any CPU
		{E339F453-9C17-491C-A00F-CCC9D12019A2}.Debug|Any CPU.ActiveCfg = Debug|Any CPU
		{E339F453-9C17-491C-A00F-CCC9D12019A2}.Debug|Any CPU.Build.0 = Debug|Any CPU
		{E339F453-9C17-491C-A00F-CCC9D12019A2}.Release|Any CPU.ActiveCfg = Release|Any CPU
		{E339F453-9C17-491C-A00F-CCC9D12019A2}.Release|Any CPU.Build.0 = Release|Any CPU
		{964730D4-159C-4C30-B3BE-B28301096B64}.Debug|Any CPU.ActiveCfg = Debug|Any CPU
		{964730D4-159C-4C30-B3BE-B28301096B64}.Debug|Any CPU.Build.0 = Debug|Any CPU
		{964730D4-159C-4C30-B3BE-B28301096B64}.Release|Any CPU.ActiveCfg = Release|Any CPU
		{964730D4-159C-4C30-B3BE-B28301096B64}.Release|Any CPU.Build.0 = Release|Any CPU
		{4F9D0425-7BAF-4EA0-B6B8-EBFEDACCA4A9}.Debug|Any CPU.ActiveCfg = Debug|Any CPU
		{4F9D0425-7BAF-4EA0-B6B8-EBFEDACCA4A9}.Debug|Any CPU.Build.0 = Debug|Any CPU
		{4F9D0425-7BAF-4EA0-B6B8-EBFEDACCA4A9}.Release|Any CPU.ActiveCfg = Release|Any CPU
		{4F9D0425-7BAF-4EA0-B6B8-EBFEDACCA4A9}.Release|Any CPU.Build.0 = Release|Any CPU
		{479655EF-E6A5-4096-B8E9-D4344A82125C}.Debug|Any CPU.ActiveCfg = Debug|Any CPU
		{479655EF-E6A5-4096-B8E9-D4344A82125C}.Debug|Any CPU.Build.0 = Debug|Any CPU
		{479655EF-E6A5-4096-B8E9-D4344A82125C}.Release|Any CPU.ActiveCfg = Release|Any CPU
		{479655EF-E6A5-4096-B8E9-D4344A82125C}.Release|Any CPU.Build.0 = Release|Any CPU
		{16EA385A-DC42-4AF2-A578-56B157FD666A}.Debug|Any CPU.ActiveCfg = Debug|Any CPU
		{16EA385A-DC42-4AF2-A578-56B157FD666A}.Debug|Any CPU.Build.0 = Debug|Any CPU
		{16EA385A-DC42-4AF2-A578-56B157FD666A}.Release|Any CPU.ActiveCfg = Release|Any CPU
		{16EA385A-DC42-4AF2-A578-56B157FD666A}.Release|Any CPU.Build.0 = Release|Any CPU
		{B2570F0E-B371-4414-8FA0-DEDA3F0DCBD8}.Debug|Any CPU.ActiveCfg = Debug|Any CPU
		{B2570F0E-B371-4414-8FA0-DEDA3F0DCBD8}.Debug|Any CPU.Build.0 = Debug|Any CPU
		{B2570F0E-B371-4414-8FA0-DEDA3F0DCBD8}.Release|Any CPU.ActiveCfg = Release|Any CPU
		{B2570F0E-B371-4414-8FA0-DEDA3F0DCBD8}.Release|Any CPU.Build.0 = Release|Any CPU
	EndGlobalSection
	GlobalSection(SolutionProperties) = preSolution
		HideSolutionNode = FALSE
	EndGlobalSection
	GlobalSection(ExtensibilityGlobals) = postSolution
		SolutionGuid = {D9E3CDA2-DF7E-42A6-A627-ED75F795672E}
	EndGlobalSection
EndGlobal
